
Microsoft Visual Studio Solution File, Format Version 12.00
# Visual Studio Version 16
VisualStudioVersion = 16.0.28803.452
MinimumVisualStudioVersion = 10.0.40219.1
Project("{FAE04EC0-301F-11D3-BF4B-00C04F79EFBC}") = "Doors_and_levels_game_after_refactoring", "Doors_and_levels_game_after_refactoring\Doors_and_levels_game_after_refactoring.csproj", "{F68B3877-3BAA-4B2A-A742-95F2A1F4A92D}"
EndProject
Global
	GlobalSection(SolutionConfigurationPlatforms) = preSolution
		Debug|Any CPU = Debug|Any CPU
		Release|Any CPU = Release|Any CPU
	EndGlobalSection
	GlobalSection(ProjectConfigurationPlatforms) = postSolution
		{F68B3877-3BAA-4B2A-A742-95F2A1F4A92D}.Debug|Any CPU.ActiveCfg = Debug|Any CPU
		{F68B3877-3BAA-4B2A-A742-95F2A1F4A92D}.Debug|Any CPU.Build.0 = Debug|Any CPU
		{F68B3877-3BAA-4B2A-A742-95F2A1F4A92D}.Release|Any CPU.ActiveCfg = Release|Any CPU
		{F68B3877-3BAA-4B2A-A742-95F2A1F4A92D}.Release|Any CPU.Build.0 = Release|Any CPU
	EndGlobalSection
	GlobalSection(SolutionProperties) = preSolution
		HideSolutionNode = FALSE
	EndGlobalSection
	GlobalSection(ExtensibilityGlobals) = postSolution
		SolutionGuid = {EEF6E743-C3B0-48A2-8883-CAEB2DD68C5C}
	EndGlobalSection
EndGlobal
